{
  "lockfileVersion": 1,
  "configVersion": 1,
  "workspaces": {
    "": {
      "name": "example-preact",
      "dependencies": {
        "preact": "^10.24.0",
        "preact-render-to-string": "^6.5.0",
      },
    },
  },
  "packages": {
    "preact": ["preact@10.29.0", "", {}, "sha512-wSAGyk2bYR1c7t3SZ3jHcM6xy0lcBcDel6lODcs9ME6Th++Dx2KU+6D3HD8wMMKGA8Wpw7OMd3/4RGzYRpzwRg=="],

    "preact-render-to-string": ["preact-render-to-string@6.6.7", "", { "peerDependencies": { "preact": ">=10 || >= 11.0.0-0" } }, "sha512-3XdbsX3+vn9dQW+jJI/FsI9rlkgl6dbeUpqLsChak6jp3j3auFqBCkno7VChbMFs5Q8ylBj6DrUkKRwtVN3nvw=="],
  }
}
